
Microsoft Visual Studio Solution File, Format Version 12.00
# Visual Studio Version 16
VisualStudioVersion = 25.0.1705.7
MinimumVisualStudioVersion = 10.0.40219.1
Project("{FAE04EC0-301F-11D3-BF4B-00C04F79EFBC}") = "DeRestaurant", "DeRestaurant\DeRestaurant.csproj", "{FCC7C6F3-1520-4007-ACC9-72D3100A435C}"
EndProject
Global
	GlobalSection(SolutionConfigurationPlatforms) = preSolution
		Debug|Any CPU = Debug|Any CPU
		Release|Any CPU = Release|Any CPU
	EndGlobalSection
	GlobalSection(ProjectConfigurationPlatforms) = postSolution
		{FCC7C6F3-1520-4007-ACC9-72D3100A435C}.Debug|Any CPU.ActiveCfg = Debug|Any CPU
		{FCC7C6F3-1520-4007-ACC9-72D3100A435C}.Debug|Any CPU.Build.0 = Debug|Any CPU
		{FCC7C6F3-1520-4007-ACC9-72D3100A435C}.Release|Any CPU.ActiveCfg = Release|Any CPU
		{FCC7C6F3-1520-4007-ACC9-72D3100A435C}.Release|Any CPU.Build.0 = Release|Any CPU
	EndGlobalSection
	GlobalSection(SolutionProperties) = preSolution
		HideSolutionNode = FALSE
	EndGlobalSection
	GlobalSection(ExtensibilityGlobals) = postSolution
		SolutionGuid = {6BF703C9-8DD4-4957-A0A0-13BA78368249}
	EndGlobalSection
EndGlobal
